
Microsoft Visual Studio Solution File, Format Version 12.00
# Visual Studio Version 17
VisualStudioVersion = 17.5.002.0
MinimumVisualStudioVersion = 10.0.40219.1
Project("{9A19103F-16F7-4668-BE54-9A1E7A4F7556}") = "projeto", "projeto.csproj", "{FFBD6B42-793E-4A9B-908D-CF6D38321FC0}"
EndProject
Global
	GlobalSection(SolutionConfigurationPlatforms) = preSolution
		Debug|Any CPU = Debug|Any CPU
		Release|Any CPU = Release|Any CPU
	EndGlobalSection
	GlobalSection(ProjectConfigurationPlatforms) = postSolution
		{FFBD6B42-793E-4A9B-908D-CF6D38321FC0}.Debug|Any CPU.ActiveCfg = Debug|Any CPU
		{FFBD6B42-793E-4A9B-908D-CF6D38321FC0}.Debug|Any CPU.Build.0 = Debug|Any CPU
		{FFBD6B42-793E-4A9B-908D-CF6D38321FC0}.Release|Any CPU.ActiveCfg = Release|Any CPU
		{FFBD6B42-793E-4A9B-908D-CF6D38321FC0}.Release|Any CPU.Build.0 = Release|Any CPU
	EndGlobalSection
	GlobalSection(SolutionProperties) = preSolution
		HideSolutionNode = FALSE
	EndGlobalSection
	GlobalSection(ExtensibilityGlobals) = postSolution
		SolutionGuid = {15F11045-2923-41B9-8BB8-6CE00A803E83}
	EndGlobalSection
EndGlobal
